
Microsoft Visual Studio Solution File, Format Version 12.00
# Visual Studio Version 17
VisualStudioVersion = 17.8.34525.116
MinimumVisualStudioVersion = 10.0.40219.1
Project("{FAE04EC0-301F-11D3-BF4B-00C04F79EFBC}") = "TicTacToe4x4", "TicTacToe4x4\TicTacToe4x4.csproj", "{82F8F688-68C8-46F7-8FF4-809F3C82E873}"
EndProject
Global
	GlobalSection(SolutionConfigurationPlatforms) = preSolution
		Debug|Any CPU = Debug|Any CPU
		Release|Any CPU = Release|Any CPU
	EndGlobalSection
	GlobalSection(ProjectConfigurationPlatforms) = postSolution
		{82F8F688-68C8-46F7-8FF4-809F3C82E873}.Debug|Any CPU.ActiveCfg = Debug|Any CPU
		{82F8F688-68C8-46F7-8FF4-809F3C82E873}.Debug|Any CPU.Build.0 = Debug|Any CPU
		{82F8F688-68C8-46F7-8FF4-809F3C82E873}.Release|Any CPU.ActiveCfg = Release|Any CPU
		{82F8F688-68C8-46F7-8FF4-809F3C82E873}.Release|Any CPU.Build.0 = Release|Any CPU
	EndGlobalSection
	GlobalSection(SolutionProperties) = preSolution
		HideSolutionNode = FALSE
	EndGlobalSection
	GlobalSection(ExtensibilityGlobals) = postSolution
		SolutionGuid = {518D4118-7437-453D-A272-B8E5F91D4785}
	EndGlobalSection
EndGlobal
